
Microsoft Visual Studio Solution File, Format Version 12.00
# Visual Studio 15
VisualStudioVersion = 15.0.26430.12
MinimumVisualStudioVersion = 10.0.40219.1
Project("{FAE04EC0-301F-11D3-BF4B-00C04F79EFBC}") = "UmpaLumpaBTC.Application", "UmpaLumpaBTC.Application\UmpaLumpaBTC.Application.csproj", "{AF5DD80D-7669-40A7-B234-600E671CB19C}"
EndProject
Project("{FAE04EC0-301F-11D3-BF4B-00C04F79EFBC}") = "PersonalFramework", "PersonalFramework\PersonalFramework.csproj", "{80628EF5-4CA5-40AA-B00C-712DCFCE54AF}"
EndProject
Project("{FAE04EC0-301F-11D3-BF4B-00C04F79EFBC}") = "UmpaLumpaBTC.Persistence", "UmpaLumpaBTC.Persistence\UmpaLumpaBTC.Persistence.csproj", "{AAB735C0-DE20-4739-B732-8F49BD68B5EF}"
EndProject
Project("{FAE04EC0-301F-11D3-BF4B-00C04F79EFBC}") = "UmpaLumpaBTC.Providers.Interface", "UmpaLumpaBTC.Providers.Interface\UmpaLumpaBTC.Providers.Interface.csproj", "{25EDB6E1-146C-44D7-AA05-BB469B6D67C5}"
EndProject
Project("{FAE04EC0-301F-11D3-BF4B-00C04F79EFBC}") = "UmpaLumpaBTC.Common", "UmpaLumpaBTC.Common\UmpaLumpaBTC.Common.csproj", "{F9BF332F-26AD-4033-8ADA-7A3B177B0BE1}"
EndProject
Project("{FAE04EC0-301F-11D3-BF4B-00C04F79EFBC}") = "UmpaLumpaBTC.Coinmarketcap.Client", "UmpaLumpaBTC.Coinmarketcap.Client\UmpaLumpaBTC.Coinmarketcap.Client.csproj", "{1954718E-F36F-4B13-AB70-2FD6DC77F36C}"
EndProject
Project("{FAE04EC0-301F-11D3-BF4B-00C04F79EFBC}") = "UmpaLumpaBTC.BusinessLayer", "UmpaLumpaBTC.BusinessLayer\UmpaLumpaBTC.BusinessLayer.csproj", "{65518728-AEE5-4CFA-8FD3-4E98FD5AC3B1}"
EndProject
Global
	GlobalSection(SolutionConfigurationPlatforms) = preSolution
		Debug|Any CPU = Debug|Any CPU
		Release|Any CPU = Release|Any CPU
	EndGlobalSection
	GlobalSection(ProjectConfigurationPlatforms) = postSolution
		{AF5DD80D-7669-40A7-B234-600E671CB19C}.Debug|Any CPU.ActiveCfg = Debug|Any CPU
		{AF5DD80D-7669-40A7-B234-600E671CB19C}.Debug|Any CPU.Build.0 = Debug|Any CPU
		{AF5DD80D-7669-40A7-B234-600E671CB19C}.Release|Any CPU.ActiveCfg = Release|Any CPU
		{AF5DD80D-7669-40A7-B234-600E671CB19C}.Release|Any CPU.Build.0 = Release|Any CPU
		{80628EF5-4CA5-40AA-B00C-712DCFCE54AF}.Debug|Any CPU.ActiveCfg = Debug|Any CPU
		{80628EF5-4CA5-40AA-B00C-712DCFCE54AF}.Debug|Any CPU.Build.0 = Debug|Any CPU
		{80628EF5-4CA5-40AA-B00C-712DCFCE54AF}.Release|Any CPU.ActiveCfg = Release|Any CPU
		{80628EF5-4CA5-40AA-B00C-712DCFCE54AF}.Release|Any CPU.Build.0 = Release|Any CPU
		{AAB735C0-DE20-4739-B732-8F49BD68B5EF}.Debug|Any CPU.ActiveCfg = Debug|Any CPU
		{AAB735C0-DE20-4739-B732-8F49BD68B5EF}.Debug|Any CPU.Build.0 = Debug|Any CPU
		{AAB735C0-DE20-4739-B732-8F49BD68B5EF}.Release|Any CPU.ActiveCfg = Release|Any CPU
		{AAB735C0-DE20-4739-B732-8F49BD68B5EF}.Release|Any CPU.Build.0 = Release|Any CPU
		{25EDB6E1-146C-44D7-AA05-BB469B6D67C5}.Debug|Any CPU.ActiveCfg = Debug|Any CPU
		{25EDB6E1-146C-44D7-AA05-BB469B6D67C5}.Debug|Any CPU.Build.0 = Debug|Any CPU
		{25EDB6E1-146C-44D7-AA05-BB469B6D67C5}.Release|Any CPU.ActiveCfg = Release|Any CPU
		{25EDB6E1-146C-44D7-AA05-BB469B6D67C5}.Release|Any CPU.Build.0 = Release|Any CPU
		{F9BF332F-26AD-4033-8ADA-7A3B177B0BE1}.Debug|Any CPU.ActiveCfg = Debug|Any CPU
		{F9BF332F-26AD-4033-8ADA-7A3B177B0BE1}.Debug|Any CPU.Build.0 = Debug|Any CPU
		{F9BF332F-26AD-4033-8ADA-7A3B177B0BE1}.Release|Any CPU.ActiveCfg = Release|Any CPU
		{F9BF332F-26AD-4033-8ADA-7A3B177B0BE1}.Release|Any CPU.Build.0 = Release|Any CPU
		{1954718E-F36F-4B13-AB70-2FD6DC77F36C}.Debug|Any CPU.ActiveCfg = Debug|Any CPU
		{1954718E-F36F-4B13-AB70-2FD6DC77F36C}.Debug|Any CPU.Build.0 = Debug|Any CPU
		{1954718E-F36F-4B13-AB70-2FD6DC77F36C}.Release|Any CPU.ActiveCfg = Release|Any CPU
		{1954718E-F36F-4B13-AB70-2FD6DC77F36C}.Release|Any CPU.Build.0 = Release|Any CPU
		{65518728-AEE5-4CFA-8FD3-4E98FD5AC3B1}.Debug|Any CPU.ActiveCfg = Debug|Any CPU
		{65518728-AEE5-4CFA-8FD3-4E98FD5AC3B1}.Debug|Any CPU.Build.0 = Debug|Any CPU
		{65518728-AEE5-4CFA-8FD3-4E98FD5AC3B1}.Release|Any CPU.ActiveCfg = Release|Any CPU
		{65518728-AEE5-4CFA-8FD3-4E98FD5AC3B1}.Release|Any CPU.Build.0 = Release|Any CPU
	EndGlobalSection
	GlobalSection(SolutionProperties) = preSolution
		HideSolutionNode = FALSE
	EndGlobalSection
EndGlobal
