
Microsoft Visual Studio Solution File, Format Version 12.00
# Visual Studio 15
VisualStudioVersion = 15.0.27428.2027
MinimumVisualStudioVersion = 10.0.40219.1
Project("{FAE04EC0-301F-11D3-BF4B-00C04F79EFBC}") = "ConsoleApi", "ConsoleApi\ConsoleApi.csproj", "{BDCDDF4B-FB80-467F-A6B7-A025C4BA24F8}"
EndProject
Project("{FAE04EC0-301F-11D3-BF4B-00C04F79EFBC}") = "HealthCheck", "HealthCheckService\HealthCheck.csproj", "{D3EF2949-36EE-4298-961E-6337765A5C5A}"
EndProject
Global
	GlobalSection(SolutionConfigurationPlatforms) = preSolution
		Debug|Any CPU = Debug|Any CPU
		Release|Any CPU = Release|Any CPU
	EndGlobalSection
	GlobalSection(ProjectConfigurationPlatforms) = postSolution
		{BDCDDF4B-FB80-467F-A6B7-A025C4BA24F8}.Debug|Any CPU.ActiveCfg = Debug|Any CPU
		{BDCDDF4B-FB80-467F-A6B7-A025C4BA24F8}.Debug|Any CPU.Build.0 = Debug|Any CPU
		{BDCDDF4B-FB80-467F-A6B7-A025C4BA24F8}.Release|Any CPU.ActiveCfg = Release|Any CPU
		{BDCDDF4B-FB80-467F-A6B7-A025C4BA24F8}.Release|Any CPU.Build.0 = Release|Any CPU
		{D3EF2949-36EE-4298-961E-6337765A5C5A}.Debug|Any CPU.ActiveCfg = Debug|Any CPU
		{D3EF2949-36EE-4298-961E-6337765A5C5A}.Debug|Any CPU.Build.0 = Debug|Any CPU
		{D3EF2949-36EE-4298-961E-6337765A5C5A}.Release|Any CPU.ActiveCfg = Release|Any CPU
		{D3EF2949-36EE-4298-961E-6337765A5C5A}.Release|Any CPU.Build.0 = Release|Any CPU
	EndGlobalSection
	GlobalSection(SolutionProperties) = preSolution
		HideSolutionNode = FALSE
	EndGlobalSection
	GlobalSection(ExtensibilityGlobals) = postSolution
		SolutionGuid = {02736123-71D5-43AF-93D2-4FC5CC17F7B0}
	EndGlobalSection
EndGlobal
